
Microsoft Visual Studio Solution File, Format Version 12.00
# Visual Studio Version 17
VisualStudioVersion = 17.14.36327.8
MinimumVisualStudioVersion = 10.0.40219.1
Project("{8BC9CEB8-8B4A-11D0-8D11-00A0C91BC942}") = "hb-mod", "hb-mod.vcxproj", "{57B8634A-0CDC-46D9-80E5-003741FC13ED}"
EndProject
Project("{8BC9CEB8-8B4A-11D0-8D11-00A0C91BC942}") = "JumpMod", "JumpMod\JumpMod.vcxproj", "{950393CB-A4B4-48D7-A6FF-C0000C24B6FF}"
EndProject
Project("{8BC9CEB8-8B4A-11D0-8D11-00A0C91BC942}") = "NoBreak", "NoBreak\NoBreak.vcxproj", "{9FD22EF8-C054-4D17-B009-6E10A3A8C618}"
EndProject
Project("{8BC9CEB8-8B4A-11D0-8D11-00A0C91BC942}") = "TopDown", "TopDown\TopDown.vcxproj", "{A66126DC-1196-4ED5-A9B5-B6C033F343CE}"
EndProject
Project("{8BC9CEB8-8B4A-11D0-8D11-00A0C91BC942}") = "UncapSpeed", "UncapSpeed\UncapSpeed.vcxproj", "{86D8CC83-77E0-49F6-A31D-477161B8C8C3}"
EndProject
Project("{8BC9CEB8-8B4A-11D0-8D11-00A0C91BC942}") = "PrintArgs", "Print\Print.vcxproj", "{2F491B5F-6F5A-4166-99A6-8C380689E801}"
EndProject
Project("{8BC9CEB8-8B4A-11D0-8D11-00A0C91BC942}") = "HBModTemplate", "ModTemplate\ModTemplate.vcxproj", "{80AB19B7-6FFB-4260-9B11-B81C1F414682}"
EndProject
Project("{8BC9CEB8-8B4A-11D0-8D11-00A0C91BC942}") = "DVDlogo", "DVDlogo\DVDlogo.vcxproj", "{B2118FFD-1098-4BE6-B86F-0471D38C4978}"
EndProject
Global
	GlobalSection(SolutionConfigurationPlatforms) = preSolution
		Debug|x64 = Debug|x64
		Debug|x86 = Debug|x86
		Release|x64 = Release|x64
		Release|x86 = Release|x86
	EndGlobalSection
	GlobalSection(ProjectConfigurationPlatforms) = postSolution
		{57B8634A-0CDC-46D9-80E5-003741FC13ED}.Debug|x64.ActiveCfg = Debug|x64
		{57B8634A-0CDC-46D9-80E5-003741FC13ED}.Debug|x64.Build.0 = Debug|x64
		{57B8634A-0CDC-46D9-80E5-003741FC13ED}.Debug|x86.ActiveCfg = Debug|Win32
		{57B8634A-0CDC-46D9-80E5-003741FC13ED}.Debug|x86.Build.0 = Debug|Win32
		{57B8634A-0CDC-46D9-80E5-003741FC13ED}.Release|x64.ActiveCfg = Release|x64
		{57B8634A-0CDC-46D9-80E5-003741FC13ED}.Release|x64.Build.0 = Release|x64
		{57B8634A-0CDC-46D9-80E5-003741FC13ED}.Release|x86.ActiveCfg = Release|Win32
		{57B8634A-0CDC-46D9-80E5-003741FC13ED}.Release|x86.Build.0 = Release|Win32
		{950393CB-A4B4-48D7-A6FF-C0000C24B6FF}.Debug|x64.ActiveCfg = Debug|x64
		{950393CB-A4B4-48D7-A6FF-C0000C24B6FF}.Debug|x64.Build.0 = Debug|x64
		{950393CB-A4B4-48D7-A6FF-C0000C24B6FF}.Debug|x86.ActiveCfg = Debug|Win32
		{950393CB-A4B4-48D7-A6FF-C0000C24B6FF}.Debug|x86.Build.0 = Debug|Win32
		{950393CB-A4B4-48D7-A6FF-C0000C24B6FF}.Release|x64.ActiveCfg = Release|x64
		{950393CB-A4B4-48D7-A6FF-C0000C24B6FF}.Release|x64.Build.0 = Release|x64
		{950393CB-A4B4-48D7-A6FF-C0000C24B6FF}.Release|x86.ActiveCfg = Release|Win32
		{950393CB-A4B4-48D7-A6FF-C0000C24B6FF}.Release|x86.Build.0 = Release|Win32
		{9FD22EF8-C054-4D17-B009-6E10A3A8C618}.Debug|x64.ActiveCfg = Debug|x64
		{9FD22EF8-C054-4D17-B009-6E10A3A8C618}.Debug|x64.Build.0 = Debug|x64
		{9FD22EF8-C054-4D17-B009-6E10A3A8C618}.Debug|x86.ActiveCfg = Debug|Win32
		{9FD22EF8-C054-4D17-B009-6E10A3A8C618}.Debug|x86.Build.0 = Debug|Win32
		{9FD22EF8-C054-4D17-B009-6E10A3A8C618}.Release|x64.ActiveCfg = Release|x64
		{9FD22EF8-C054-4D17-B009-6E10A3A8C618}.Release|x64.Build.0 = Release|x64
		{9FD22EF8-C054-4D17-B009-6E10A3A8C618}.Release|x86.ActiveCfg = Release|Win32
		{9FD22EF8-C054-4D17-B009-6E10A3A8C618}.Release|x86.Build.0 = Release|Win32
		{A66126DC-1196-4ED5-A9B5-B6C033F343CE}.Debug|x64.ActiveCfg = Debug|x64
		{A66126DC-1196-4ED5-A9B5-B6C033F343CE}.Debug|x64.Build.0 = Debug|x64
		{A66126DC-1196-4ED5-A9B5-B6C033F343CE}.Debug|x86.ActiveCfg = Debug|Win32
		{A66126DC-1196-4ED5-A9B5-B6C033F343CE}.Debug|x86.Build.0 = Debug|Win32
		{A66126DC-1196-4ED5-A9B5-B6C033F343CE}.Release|x64.ActiveCfg = Release|x64
		{A66126DC-1196-4ED5-A9B5-B6C033F343CE}.Release|x64.Build.0 = Release|x64
		{A66126DC-1196-4ED5-A9B5-B6C033F343CE}.Release|x86.ActiveCfg = Release|Win32
		{A66126DC-1196-4ED5-A9B5-B6C033F343CE}.Release|x86.Build.0 = Release|Win32
		{86D8CC83-77E0-49F6-A31D-477161B8C8C3}.Debug|x64.ActiveCfg = Debug|x64
		{86D8CC83-77E0-49F6-A31D-477161B8C8C3}.Debug|x64.Build.0 = Debug|x64
		{86D8CC83-77E0-49F6-A31D-477161B8C8C3}.Debug|x86.ActiveCfg = Debug|Win32
		{86D8CC83-77E0-49F6-A31D-477161B8C8C3}.Debug|x86.Build.0 = Debug|Win32
		{86D8CC83-77E0-49F6-A31D-477161B8C8C3}.Release|x64.ActiveCfg = Release|x64
		{86D8CC83-77E0-49F6-A31D-477161B8C8C3}.Release|x64.Build.0 = Release|x64
		{86D8CC83-77E0-49F6-A31D-477161B8C8C3}.Release|x86.ActiveCfg = Release|Win32
		{86D8CC83-77E0-49F6-A31D-477161B8C8C3}.Release|x86.Build.0 = Release|Win32
		{2F491B5F-6F5A-4166-99A6-8C380689E801}.Debug|x64.ActiveCfg = Debug|x64
		{2F491B5F-6F5A-4166-99A6-8C380689E801}.Debug|x64.Build.0 = Debug|x64
		{2F491B5F-6F5A-4166-99A6-8C380689E801}.Debug|x86.ActiveCfg = Debug|Win32
		{2F491B5F-6F5A-4166-99A6-8C380689E801}.Debug|x86.Build.0 = Debug|Win32
		{2F491B5F-6F5A-4166-99A6-8C380689E801}.Release|x64.ActiveCfg = Release|x64
		{2F491B5F-6F5A-4166-99A6-8C380689E801}.Release|x64.Build.0 = Release|x64
		{2F491B5F-6F5A-4166-99A6-8C380689E801}.Release|x86.ActiveCfg = Release|Win32
		{2F491B5F-6F5A-4166-99A6-8C380689E801}.Release|x86.Build.0 = Release|Win32
		{80AB19B7-6FFB-4260-9B11-B81C1F414682}.Debug|x64.ActiveCfg = Debug|x64
		{80AB19B7-6FFB-4260-9B11-B81C1F414682}.Debug|x64.Build.0 = Debug|x64
		{80AB19B7-6FFB-4260-9B11-B81C1F414682}.Debug|x86.ActiveCfg = Debug|Win32
		{80AB19B7-6FFB-4260-9B11-B81C1F414682}.Debug|x86.Build.0 = Debug|Win32
		{80AB19B7-6FFB-4260-9B11-B81C1F414682}.Release|x64.ActiveCfg = Release|x64
		{80AB19B7-6FFB-4260-9B11-B81C1F414682}.Release|x64.Build.0 = Release|x64
		{80AB19B7-6FFB-4260-9B11-B81C1F414682}.Release|x86.ActiveCfg = Release|Win32
		{80AB19B7-6FFB-4260-9B11-B81C1F414682}.Release|x86.Build.0 = Release|Win32
		{B2118FFD-1098-4BE6-B86F-0471D38C4978}.Debug|x64.ActiveCfg = Debug|x64
		{B2118FFD-1098-4BE6-B86F-0471D38C4978}.Debug|x64.Build.0 = Debug|x64
		{B2118FFD-1098-4BE6-B86F-0471D38C4978}.Debug|x86.ActiveCfg = Debug|Win32
		{B2118FFD-1098-4BE6-B86F-0471D38C4978}.Debug|x86.Build.0 = Debug|Win32
		{B2118FFD-1098-4BE6-B86F-0471D38C4978}.Release|x64.ActiveCfg = Release|x64
		{B2118FFD-1098-4BE6-B86F-0471D38C4978}.Release|x64.Build.0 = Release|x64
		{B2118FFD-1098-4BE6-B86F-0471D38C4978}.Release|x86.ActiveCfg = Release|Win32
		{B2118FFD-1098-4BE6-B86F-0471D38C4978}.Release|x86.Build.0 = Release|Win32
	EndGlobalSection
	GlobalSection(SolutionProperties) = preSolution
		HideSolutionNode = FALSE
	EndGlobalSection
	GlobalSection(ExtensibilityGlobals) = postSolution
		SolutionGuid = {F2B9181C-01FD-4836-A545-D78D4C3A2BA5}
	EndGlobalSection
EndGlobal
